
Microsoft Visual Studio Solution File, Format Version 12.00
# Visual Studio Version 16
VisualStudioVersion = 16.0.32126.315
MinimumVisualStudioVersion = 10.0.40219.1
Project("{FAE04EC0-301F-11D3-BF4B-00C04F79EFBC}") = "CK_CD", "CK_CD\CK_CD.csproj", "{A829D9FE-616F-460F-9455-2E73179AD847}"
EndProject
Global
	GlobalSection(SolutionConfigurationPlatforms) = preSolution
		Debug|Any CPU = Debug|Any CPU
		Release|Any CPU = Release|Any CPU
	EndGlobalSection
	GlobalSection(ProjectConfigurationPlatforms) = postSolution
		{A829D9FE-616F-460F-9455-2E73179AD847}.Debug|Any CPU.ActiveCfg = Debug|Any CPU
		{A829D9FE-616F-460F-9455-2E73179AD847}.Debug|Any CPU.Build.0 = Debug|Any CPU
		{A829D9FE-616F-460F-9455-2E73179AD847}.Release|Any CPU.ActiveCfg = Release|Any CPU
		{A829D9FE-616F-460F-9455-2E73179AD847}.Release|Any CPU.Build.0 = Release|Any CPU
	EndGlobalSection
	GlobalSection(SolutionProperties) = preSolution
		HideSolutionNode = FALSE
	EndGlobalSection
	GlobalSection(ExtensibilityGlobals) = postSolution
		SolutionGuid = {68A39ACA-8D38-4D25-ACC8-67C5095AFDF4}
	EndGlobalSection
EndGlobal
